
Microsoft Visual Studio Solution File, Format Version 12.00
# Visual Studio Version 16
VisualStudioVersion = 16.0.29926.136
MinimumVisualStudioVersion = 10.0.40219.1
Project("{FAE04EC0-301F-11D3-BF4B-00C04F79EFBC}") = "dll_injection_demo_csharp", "dll_injection_demo_csharp\dll_injection_demo_csharp.csproj", "{12507D8F-359F-4FBD-806B-3398BF8E4858}"
EndProject
Global
	GlobalSection(SolutionConfigurationPlatforms) = preSolution
		Debug|Any CPU = Debug|Any CPU
		Release|Any CPU = Release|Any CPU
	EndGlobalSection
	GlobalSection(ProjectConfigurationPlatforms) = postSolution
		{12507D8F-359F-4FBD-806B-3398BF8E4858}.Debug|Any CPU.ActiveCfg = Debug|Any CPU
		{12507D8F-359F-4FBD-806B-3398BF8E4858}.Debug|Any CPU.Build.0 = Debug|Any CPU
		{12507D8F-359F-4FBD-806B-3398BF8E4858}.Release|Any CPU.ActiveCfg = Release|Any CPU
		{12507D8F-359F-4FBD-806B-3398BF8E4858}.Release|Any CPU.Build.0 = Release|Any CPU
	EndGlobalSection
	GlobalSection(SolutionProperties) = preSolution
		HideSolutionNode = FALSE
	EndGlobalSection
	GlobalSection(ExtensibilityGlobals) = postSolution
		SolutionGuid = {4ACA8A08-6393-43B0-8238-A56BFCD2B46A}
	EndGlobalSection
EndGlobal
